lockfileVersion: '6.0'

settings:
  autoInstallPeers: true
  excludeLinksFromLockfile: false

importers:

  .:
    devDependencies:
      prettier:
        specifier: ^3.1.0
        version: 3.1.0
      turbo:
        specifier: latest
        version: 1.11.0

  packages/snippets: {}

packages:

  /prettier@3.1.0:
    resolution: {integrity: sha512-TQLvXjq5IAibjh8EpBIkNKxO749UEWABoiIZehEPiY4GNpVdhaFKqSTu+QrlU6D2dPAfubRmtJTi4K4YkQ5eXw==}
    engines: {node: '>=14'}
    dev: true

  /turbo-darwin-64@1.11.0:
    resolution: {integrity: sha512-yLDeJ7QgpI1Niw87ydRNvygX67Dra+6MnxR88vwXnQJKsmHTKycBhY9w3Bhe5xvnIg4JoEWoEF5EJtw6ShrlEw==}
    cpu: [x64]
    os: [darwin]
    requiresBuild: true
    dev: true
    optional: true

  /turbo-darwin-arm64@1.11.0:
    resolution: {integrity: sha512-lZGlfTG6+u3R7+6eVY9j/07WpVF/tx8UNkmRWfMNt4ZGSEBMg6A+Vimvp+rni92WdPhD/rhxv+qYI/kco9hNXg==}
    cpu: [arm64]
    os: [darwin]
    requiresBuild: true
    dev: true
    optional: true

  /turbo-linux-64@1.11.0:
    resolution: {integrity: sha512-I88/WieHzTZ8V2y0j79RSjVERPp0IJTynTwLi7ddYX0PahkuyaHs1p8ktFMcs6awnJMeT6spaXlyzv5ZxnAdkg==}
    cpu: [x64]
    os: [linux]
    requiresBuild: true
    dev: true
    optional: true

  /turbo-linux-arm64@1.11.0:
    resolution: {integrity: sha512-jHsKuTFa7KwrA/FIxOnyXnfSEgDEUv0UVcseqQhP0VbdL+En93ZdBZ9S9/lI6VWooXrCqPooBmC+M/6jmwY/Ig==}
    cpu: [arm64]
    os: [linux]
    requiresBuild: true
    dev: true
    optional: true

  /turbo-windows-64@1.11.0:
    resolution: {integrity: sha512-7u/1GoMallGDOTg4fnKoJmvBkf2pUCOcA0Z7NbwFB6GOa7q1Su4AaPs6Iy6Tyqrmj3vDHKSXByHwfz+o0cng/g==}
    cpu: [x64]
    os: [win32]
    requiresBuild: true
    dev: true
    optional: true

  /turbo-windows-arm64@1.11.0:
    resolution: {integrity: sha512-39MNaZ7RnbINEnpeAfB++fmH6p99RhbeeC8n2IXqG61Zrck5AA59Jm8DXpfOGR6Im93iHXSDox8qF3bb8V4amQ==}
    cpu: [arm64]
    os: [win32]
    requiresBuild: true
    dev: true
    optional: true

  /turbo@1.11.0:
    resolution: {integrity: sha512-zIqJs/x1zzIIdwufhk80o7cQc9fIdHdweWRNXbK+Vjf9IaM2eSslcYyo40s+Kg/oiIOpdLM8hV7IUQst8KIyDA==}
    hasBin: true
    optionalDependencies:
      turbo-darwin-64: 1.11.0
      turbo-darwin-arm64: 1.11.0
      turbo-linux-64: 1.11.0
      turbo-linux-arm64: 1.11.0
      turbo-windows-64: 1.11.0
      turbo-windows-arm64: 1.11.0
    dev: true
